{
  "requires": true,
  "lockfileVersion": 1,
  "dependencies": {
    "acorn": {
      "version": "8.11.3",
      "resolved": "https://registry.npmmirror.com/acorn/-/acorn-8.11.3.tgz",
      "integrity": "sha512-Y9rRfJG5jcKOE0CLisYbojUjIrIEE7AGMzA/Sm4BslANhbS+cDMpgBdcPT91oJ7OuJ9hYJBx59RjbhxVnrF8Xg=="
    },
    "acorn-walk": {
      "version": "8.3.2",
      "resolved": "https://registry.npmmirror.com/acorn-walk/-/acorn-walk-8.3.2.tgz",
      "integrity": "sha512-cjkyv4OtNCIeqhHrfS81QWXoCBPExR/J62oyEqepVw8WaQeSqpW2uhuLPh1m9eWhDuOo/jUXVTlifvesOWp/4A=="
    },
    "acron": {
      "version": "1.0.5",
      "resolved": "https://registry.npmmirror.com/acron/-/acron-1.0.5.tgz",
      "integrity": "sha512-Jm3uey9PSUl5k9RsjBSfDJG35nG0vd9B4FUCV1J/NeVHDQ5HJPVpAhmGrPYtPKh0gLhEUIEy4DKqBy/p60B+4Q==",
      "requires": {
        "lodash": "^4.17.11"
      }
    },
    "lodash": {
      "version": "4.17.21",
      "resolved": "https://registry.npmmirror.com/lodash/-/lodash-4.17.21.tgz",
      "integrity": "sha512-v2kDEe57lecTulaDIuNTPy3Ry4gLGJ6Z1O3vE1krgXZNrsQ+LFTGHVxVjcXPs17LhbZVGedAJv8XZ1tvj5FvSg=="
    }
  }
}
