PODS:
  - AFNetworking (2.6.3):
    - AFNetworking/NSURLConnection (= 2.6.3)
    - AFNetworking/NSURLSession (= 2.6.3)
    - AFNetworking/Reachability (= 2.6.3)
    - AFNetworking/Security (= 2.6.3)
    - AFNetworking/Serialization (= 2.6.3)
    - AFNetworking/UIKit (= 2.6.3)
  - AFNetworking/NSURLConnection (2.6.3):
    - AFNetworking/Reachability
    - AFNetworking/Security
    - AFNetworking/Serialization
  - AFNetworking/NSURLSession (2.6.3):
    - AFNetworking/Reachability
    - AFNetworking/Security
    - AFNetworking/Serialization
  - AFNetworking/Reachability (2.6.3)
  - AFNetworking/Security (2.6.3)
  - AFNetworking/Serialization (2.6.3)
  - AFNetworking/UIKit (2.6.3):
    - AFNetworking/NSURLConnection
    - AFNetworking/NSURLSession
  - HappyDNS (0.2.3)
  - Qiniu (7.0.15):
    - AFNetworking (~> 2.0)
    - HappyDNS (~> 0.2)
  - TuisongbaoRealtimeEngine (2.1.1):
    - Qiniu (~> 7.0)

DEPENDENCIES:
  - TuisongbaoRealtimeEngine (from `https://github.com/tuisongbao/realtime-engine-client-ios.git`)

EXTERNAL SOURCES:
  TuisongbaoRealtimeEngine:
    :git: https://github.com/tuisongbao/realtime-engine-client-ios.git

CHECKOUT OPTIONS:
  TuisongbaoRealtimeEngine:
    :commit: 67168e0d9ad50f0edfa158fe28a30065afc41d0e
    :git: https://github.com/tuisongbao/realtime-engine-client-ios.git

SPEC CHECKSUMS:
  AFNetworking: cb8d14a848e831097108418f5d49217339d4eb60
  HappyDNS: 6d85942e64c28b4fa61f8c76580398f52d6d1d11
  Qiniu: ade34d722c8ce0eed7080fd268249e8402a2f535
  TuisongbaoRealtimeEngine: f82e478b4f5e0e560a45b80a14b905a023728b25

COCOAPODS: 0.39.0
