// !$*UTF8*$!
{
	archiveVersion = 1;
	classes = {
	};
	objectVersion = 46;
	objects = {

/* Begin PBXBuildFile section */
		93929E901B14677800C5808A /* main.m in Sources */ = {isa = PBXBuildFile; fileRef = 93929E8F1B14677800C5808A /* main.m */; };
		93929E931B14677800C5808A /* AppDelegate.m in Sources */ = {isa = PBXBuildFile; fileRef = 93929E921B14677800C5808A /* AppDelegate.m */; };
		93929E961B14677800C5808A /* ViewController.m in Sources */ = {isa = PBXBuildFile; fileRef = 93929E951B14677800C5808A /* ViewController.m */; };
		93929E991B14677800C5808A /* Main.storyboard in Resources */ = {isa = PBXBuildFile; fileRef = 93929E971B14677800C5808A /* Main.storyboard */; };
		93929E9B1B14677800C5808A /* Images.xcassets in Resources */ = {isa = PBXBuildFile; fileRef = 93929E9A1B14677800C5808A /* Images.xcassets */; };
		93929E9E1B14677800C5808A /* LaunchScreen.xib in Resources */ = {isa = PBXBuildFile; fileRef = 93929E9C1B14677800C5808A /* LaunchScreen.xib */; };
		93929EAA1B14677800C5808A /* ScreenRotateSampleTests.m in Sources */ = {isa = PBXBuildFile; fileRef = 93929EA91B14677800C5808A /* ScreenRotateSampleTests.m */; };
		93929EB41B146FA500C5808A /* LandscapeStoryboard.storyboard in Resources */ = {isa = PBXBuildFile; fileRef = 93929EB31B146FA500C5808A /* LandscapeStoryboard.storyboard */; };
		93929EB71B1470B600C5808A /* LandscapeViewController.m in Sources */ = {isa = PBXBuildFile; fileRef = 93929EB61B1470B600C5808A /* LandscapeViewController.m */; };
/* End PBXBuildFile section */

/* Begin PBXContainerItemProxy section */
		93929EA41B14677800C5808A /* PBXContainerItemProxy */ = {
			isa = PBXContainerItemProxy;
			containerPortal = 93929E821B14677700C5808A /* Project object */;
			proxyType = 1;
			remoteGlobalIDString = 93929E891B14677800C5808A;
			remoteInfo = ScreenRotateSample;
		};
/* End PBXContainerItemProxy section */

/* Begin PBXFileReference section */
		93929E8A1B14677800C5808A /* ScreenRotateSample.app */ = {isa = PBXFileReference; explicitFileType = wrapper.application; includeInIndex = 0; path = ScreenRotateSample.app; sourceTree = BUILT_PRODUCTS_DIR; };
		93929E8E1B14677800C5808A /* Info.plist */ = {isa = PBXFileReference; lastKnownFileType = text.plist.xml; path = Info.plist; sourceTree = "<group>"; };
		93929E8F1B14677800C5808A /* main.m */ = {isa = PBXFileReference; lastKnownFileType = sourcecode.c.objc; path = main.m; sourceTree = "<group>"; };
		93929E911B14677800C5808A /* AppDelegate.h */ = {isa = PBXFileReference; lastKnownFileType = sourcecode.c.h; path = AppDelegate.h; sourceTree = "<group>"; };
		93929E921B14677800C5808A /* AppDelegate.m */ = {isa = PBXFileReference; lastKnownFileType = sourcecode.c.objc; path = AppDelegate.m; sourceTree = "<group>"; };
		93929E941B14677800C5808A /* ViewController.h */ = {isa = PBXFileReference; lastKnownFileType = sourcecode.c.h; path = ViewController.h; sourceTree = "<group>"; };
		93929E951B14677800C5808A /* ViewController.m */ = {isa = PBXFileReference; lastKnownFileType = sourcecode.c.objc; path = ViewController.m; sourceTree = "<group>"; };
		93929E981B14677800C5808A /* Base */ = {isa = PBXFileReference; lastKnownFileType = file.storyboard; name = Base; path = Base.lproj/Main.storyboard; sourceTree = "<group>"; };
		93929E9A1B14677800C5808A /* Images.xcassets */ = {isa = PBXFileReference; lastKnownFileType = folder.assetcatalog; path = Images.xcassets; sourceTree = "<group>"; };
		93929E9D1B14677800C5808A /* Base */ = {isa = PBXFileReference; lastKnownFileType = file.xib; name = Base; path = Base.lproj/LaunchScreen.xib; sourceTree = "<group>"; };
		93929EA31B14677800C5808A /* ScreenRotateSampleTests.xctest */ = {isa = PBXFileReference; explicitFileType = wrapper.cfbundle; includeInIndex = 0; path = ScreenRotateSampleTests.xctest; sourceTree = BUILT_PRODUCTS_DIR; };
		93929EA81B14677800C5808A /* Info.plist */ = {isa = PBXFileReference; lastKnownFileType = text.plist.xml; path = Info.plist; sourceTree = "<group>"; };
		93929EA91B14677800C5808A /* ScreenRotateSampleTests.m */ = {isa = PBXFileReference; lastKnownFileType = sourcecode.c.objc; path = ScreenRotateSampleTests.m; sourceTree = "<group>"; };
		93929EB31B146FA500C5808A /* LandscapeStoryboard.storyboard */ = {isa = PBXFileReference; fileEncoding = 4; lastKnownFileType = file.storyboard; path = LandscapeStoryboard.storyboard; sourceTree = "<group>"; };
		93929EB51B1470B600C5808A /* LandscapeViewController.h */ = {isa = PBXFileReference; fileEncoding = 4; lastKnownFileType = sourcecode.c.h; path = LandscapeViewController.h; sourceTree = "<group>"; };
		93929EB61B1470B600C5808A /* LandscapeViewController.m */ = {isa = PBXFileReference; fileEncoding = 4; lastKnownFileType = sourcecode.c.objc; path = LandscapeViewController.m; sourceTree = "<group>"; };
/* End PBXFileReference section */

/* Begin PBXFrameworksBuildPhase section */
		93929E871B14677800C5808A /* Frameworks */ = {
			isa = PBXFrameworksBuildPhase;
			buildActionMask = 2147483647;
			files = (
			);
			runOnlyForDeploymentPostprocessing = 0;
		};
		93929EA01B14677800C5808A /* Frameworks */ = {
			isa = PBXFrameworksBuildPhase;
			buildActionMask = 2147483647;
			files = (
			);
			runOnlyForDeploymentPostprocessing = 0;
		};
/* End PBXFrameworksBuildPhase section */

/* Begin PBXGroup section */
		93929E811B14677700C5808A = {
			isa = PBXGroup;
			children = (
				93929E8C1B14677800C5808A /* ScreenRotateSample */,
				93929EA61B14677800C5808A /* ScreenRotateSampleTests */,
				93929E8B1B14677800C5808A /* Products */,
			);
			sourceTree = "<group>";
		};
		93929E8B1B14677800C5808A /* Products */ = {
			isa = PBXGroup;
			children = (
				93929E8A1B14677800C5808A /* ScreenRotateSample.app */,
				93929EA31B14677800C5808A /* ScreenRotateSampleTests.xctest */,
			);
			name = Products;
			sourceTree = "<group>";
		};
		93929E8C1B14677800C5808A /* ScreenRotateSample */ = {
			isa = PBXGroup;
			children = (
				93929E911B14677800C5808A /* AppDelegate.h */,
				93929E921B14677800C5808A /* AppDelegate.m */,
				93929E941B14677800C5808A /* ViewController.h */,
				93929E951B14677800C5808A /* ViewController.m */,
				93929E971B14677800C5808A /* Main.storyboard */,
				93929EB31B146FA500C5808A /* LandscapeStoryboard.storyboard */,
				93929EB51B1470B600C5808A /* LandscapeViewController.h */,
				93929EB61B1470B600C5808A /* LandscapeViewController.m */,
				93929E9A1B14677800C5808A /* Images.xcassets */,
				93929E9C1B14677800C5808A /* LaunchScreen.xib */,
				93929E8D1B14677800C5808A /* Supporting Files */,
			);
			path = ScreenRotateSample;
			sourceTree = "<group>";
		};
		93929E8D1B14677800C5808A /* Supporting Files */ = {
			isa = PBXGroup;
			children = (
				93929E8E1B14677800C5808A /* Info.plist */,
				93929E8F1B14677800C5808A /* main.m */,
			);
			name = "Supporting Files";
			sourceTree = "<group>";
		};
		93929EA61B14677800C5808A /* ScreenRotateSampleTests */ = {
			isa = PBXGroup;
			children = (
				93929EA91B14677800C5808A /* ScreenRotateSampleTests.m */,
				93929EA71B14677800C5808A /* Supporting Files */,
			);
			path = ScreenRotateSampleTests;
			sourceTree = "<group>";
		};
		93929EA71B14677800C5808A /* Supporting Files */ = {
			isa = PBXGroup;
			children = (
				93929EA81B14677800C5808A /* Info.plist */,
			);
			name = "Supporting Files";
			sourceTree = "<group>";
		};
/* End PBXGroup section */

/* Begin PBXNativeTarget section */
		93929E891B14677800C5808A /* ScreenRotateSample */ = {
			isa = PBXNativeTarget;
			buildConfigurationList = 93929EAD1B14677800C5808A /* Build configuration list for PBXNativeTarget "ScreenRotateSample" */;
			buildPhases = (
				93929E861B14677800C5808A /* Sources */,
				93929E871B14677800C5808A /* Frameworks */,
				93929E881B14677800C5808A /* Resources */,
			);
			buildRules = (
			);
			dependencies = (
			);
			name = ScreenRotateSample;
			productName = ScreenRotateSample;
			productReference = 93929E8A1B14677800C5808A /* ScreenRotateSample.app */;
			productType = "com.apple.product-type.application";
		};
		93929EA21B14677800C5808A /* ScreenRotateSampleTests */ = {
			isa = PBXNativeTarget;
			buildConfigurationList = 93929EB01B14677800C5808A /* Build configuration list for PBXNativeTarget "ScreenRotateSampleTests" */;
			buildPhases = (
				93929E9F1B14677800C5808A /* Sources */,
				93929EA01B14677800C5808A /* Frameworks */,
				93929EA11B14677800C5808A /* Resources */,
			);
			buildRules = (
			);
			dependencies = (
				93929EA51B14677800C5808A /* PBXTargetDependency */,
			);
			name = ScreenRotateSampleTests;
			productName = ScreenRotateSampleTests;
			productReference = 93929EA31B14677800C5808A /* ScreenRotateSampleTests.xctest */;
			productType = "com.apple.product-type.bundle.unit-test";
		};
/* End PBXNativeTarget section */

/* Begin PBXProject section */
		93929E821B14677700C5808A /* Project object */ = {
			isa = PBXProject;
			attributes = {
				LastUpgradeCheck = 0630;
				ORGANIZATIONNAME = "Aaron Wang";
				TargetAttributes = {
					93929E891B14677800C5808A = {
						CreatedOnToolsVersion = 6.3.2;
					};
					93929EA21B14677800C5808A = {
						CreatedOnToolsVersion = 6.3.2;
						TestTargetID = 93929E891B14677800C5808A;
					};
				};
			};
			buildConfigurationList = 93929E851B14677700C5808A /* Build configuration list for PBXProject "ScreenRotateSample" */;
			compatibilityVersion = "Xcode 3.2";
			developmentRegion = English;
			hasScannedForEncodings = 0;
			knownRegions = (
				en,
				Base,
			);
			mainGroup = 93929E811B14677700C5808A;
			productRefGroup = 93929E8B1B14677800C5808A /* Products */;
			projectDirPath = "";
			projectRoot = "";
			targets = (
				93929E891B14677800C5808A /* ScreenRotateSample */,
				93929EA21B14677800C5808A /* ScreenRotateSampleTests */,
			);
		};
/* End PBXProject section */

/* Begin PBXResourcesBuildPhase section */
		93929E881B14677800C5808A /* Resources */ = {
			isa = PBXResourcesBuildPhase;
			buildActionMask = 2147483647;
			files = (
				93929E991B14677800C5808A /* Main.storyboard in Resources */,
				93929EB41B146FA500C5808A /* LandscapeStoryboard.storyboard in Resources */,
				93929E9E1B14677800C5808A /* LaunchScreen.xib in Resources */,
				93929E9B1B14677800C5808A /* Images.xcassets in Resources */,
			);
			runOnlyForDeploymentPostprocessing = 0;
		};
		93929EA11B14677800C5808A /* Resources */ = {
			isa = PBXResourcesBuildPhase;
			buildActionMask = 2147483647;
			files = (
			);
			runOnlyForDeploymentPostprocessing = 0;
		};
/* End PBXResourcesBuildPhase section */

/* Begin PBXSourcesBuildPhase section */
		93929E861B14677800C5808A /* Sources */ = {
			isa = PBXSourcesBuildPhase;
			buildActionMask = 2147483647;
			files = (
				93929E961B14677800C5808A /* ViewController.m in Sources */,
				93929E931B14677800C5808A /* AppDelegate.m in Sources */,
				93929EB71B1470B600C5808A /* LandscapeViewController.m in Sources */,
				93929E901B14677800C5808A /* main.m in Sources */,
			);
			runOnlyForDeploymentPostprocessing = 0;
		};
		93929E9F1B14677800C5808A /* Sources */ = {
			isa = PBXSourcesBuildPhase;
			buildActionMask = 2147483647;
			files = (
				93929EAA1B14677800C5808A /* ScreenRotateSampleTests.m in Sources */,
			);
			runOnlyForDeploymentPostprocessing = 0;
		};
/* End PBXSourcesBuildPhase section */

/* Begin PBXTargetDependency section */
		93929EA51B14677800C5808A /* PBXTargetDependency */ = {
			isa = PBXTargetDependency;
			target = 93929E891B14677800C5808A /* ScreenRotateSample */;
			targetProxy = 93929EA41B14677800C5808A /* PBXContainerItemProxy */;
		};
/* End PBXTargetDependency section */

/* Begin PBXVariantGroup section */
		93929E971B14677800C5808A /* Main.storyboard */ = {
			isa = PBXVariantGroup;
			children = (
				93929E981B14677800C5808A /* Base */,
			);
			name = Main.storyboard;
			sourceTree = "<group>";
		};
		93929E9C1B14677800C5808A /* LaunchScreen.xib */ = {
			isa = PBXVariantGroup;
			children = (
				93929E9D1B14677800C5808A /* Base */,
			);
			name = LaunchScreen.xib;
			sourceTree = "<group>";
		};
/* End PBXVariantGroup section */

/* Begin XCBuildConfiguration section */
		93929EAB1B14677800C5808A /* Debug */ = {
			isa = XCBuildConfiguration;
			buildSettings = {
				ALWAYS_SEARCH_USER_PATHS = NO;
				CLANG_CXX_LANGUAGE_STANDARD = "gnu++0x";
				CLANG_CXX_LIBRARY = "libc++";
				CLANG_ENABLE_MODULES = YES;
				CLANG_ENABLE_OBJC_ARC = YES;
				CLANG_WARN_BOOL_CONVERSION = YES;
				CLANG_WARN_CONSTANT_CONVERSION = YES;
				CLANG_WARN_DIRECT_OBJC_ISA_USAGE = YES_ERROR;
				CLANG_WARN_EMPTY_BODY = YES;
				CLANG_WARN_ENUM_CONVERSION = YES;
				CLANG_WARN_INT_CONVERSION = YES;
				CLANG_WARN_OBJC_ROOT_CLASS = YES_ERROR;
				CLANG_WARN_UNREACHABLE_CODE = YES;
				CLANG_WARN__DUPLICATE_METHOD_MATCH = YES;
				"CODE_SIGN_IDENTITY[sdk=iphoneos*]" = "iPhone Developer";
				COPY_PHASE_STRIP = NO;
				DEBUG_INFORMATION_FORMAT = "dwarf-with-dsym";
				ENABLE_STRICT_OBJC_MSGSEND = YES;
				GCC_C_LANGUAGE_STANDARD = gnu99;
				GCC_DYNAMIC_NO_PIC = NO;
				GCC_NO_COMMON_BLOCKS = YES;
				GCC_OPTIMIZATION_LEVEL = 0;
				GCC_PREPROCESSOR_DEFINITIONS = (
					"DEBUG=1",
					"$(inherited)",
				);
				GCC_SYMBOLS_PRIVATE_EXTERN = NO;
				GCC_WARN_64_TO_32_BIT_CONVERSION = YES;
				GCC_WARN_ABOUT_RETURN_TYPE = YES_ERROR;
				GCC_WARN_UNDECLARED_SELECTOR = YES;
				GCC_WARN_UNINITIALIZED_AUTOS = YES_AGGRESSIVE;
				GCC_WARN_UNUSED_FUNCTION = YES;
				GCC_WARN_UNUSED_VARIABLE = YES;
				IPHONEOS_DEPLOYMENT_TARGET = 8.3;
				MTL_ENABLE_DEBUG_INFO = YES;
				ONLY_ACTIVE_ARCH = YES;
				SDKROOT = iphoneos;
			};
			name = Debug;
		};
		93929EAC1B14677800C5808A /* Release */ = {
			isa = XCBuildConfiguration;
			buildSettings = {
				ALWAYS_SEARCH_USER_PATHS = NO;
				CLANG_CXX_LANGUAGE_STANDARD = "gnu++0x";
				CLANG_CXX_LIBRARY = "libc++";
				CLANG_ENABLE_MODULES = YES;
				CLANG_ENABLE_OBJC_ARC = YES;
				CLANG_WARN_BOOL_CONVERSION = YES;
				CLANG_WARN_CONSTANT_CONVERSION = YES;
				CLANG_WARN_DIRECT_OBJC_ISA_USAGE = YES_ERROR;
				CLANG_WARN_EMPTY_BODY = YES;
				CLANG_WARN_ENUM_CONVERSION = YES;
				CLANG_WARN_INT_CONVERSION = YES;
				CLANG_WARN_OBJC_ROOT_CLASS = YES_ERROR;
				CLANG_WARN_UNREACHABLE_CODE = YES;
				CLANG_WARN__DUPLICATE_METHOD_MATCH = YES;
				"CODE_SIGN_IDENTITY[sdk=iphoneos*]" = "iPhone Developer";
				COPY_PHASE_STRIP = NO;
				DEBUG_INFORMATION_FORMAT = "dwarf-with-dsym";
				ENABLE_NS_ASSERTIONS = NO;
				ENABLE_STRICT_OBJC_MSGSEND = YES;
				GCC_C_LANGUAGE_STANDARD = gnu99;
				GCC_NO_COMMON_BLOCKS = YES;
				GCC_WARN_64_TO_32_BIT_CONVERSION = YES;
				GCC_WARN_ABOUT_RETURN_TYPE = YES_ERROR;
				GCC_WARN_UNDECLARED_SELECTOR = YES;
				GCC_WARN_UNINITIALIZED_AUTOS = YES_AGGRESSIVE;
				GCC_WARN_UNUSED_FUNCTION = YES;
				GCC_WARN_UNUSED_VARIABLE = YES;
				IPHONEOS_DEPLOYMENT_TARGET = 8.3;
				MTL_ENABLE_DEBUG_INFO = NO;
				SDKROOT = iphoneos;
				VALIDATE_PRODUCT = YES;
			};
			name = Release;
		};
		93929EAE1B14677800C5808A /* Debug */ = {
			isa = XCBuildConfiguration;
			buildSettings = {
				ASSETCATALOG_COMPILER_APPICON_NAME = AppIcon;
				ASSETCATALOG_COMPILER_LAUNCHIMAGE_NAME = LaunchImage;
				INFOPLIST_FILE = ScreenRotateSample/Info.plist;
				IPHONEOS_DEPLOYMENT_TARGET = 7.0;
				LD_RUNPATH_SEARCH_PATHS = "$(inherited) @executable_path/Frameworks";
				PRODUCT_NAME = "$(TARGET_NAME)";
			};
			name = Debug;
		};
		93929EAF1B14677800C5808A /* Release */ = {
			isa = XCBuildConfiguration;
			buildSettings = {
				ASSETCATALOG_COMPILER_APPICON_NAME = AppIcon;
				ASSETCATALOG_COMPILER_LAUNCHIMAGE_NAME = LaunchImage;
				INFOPLIST_FILE = ScreenRotateSample/Info.plist;
				IPHONEOS_DEPLOYMENT_TARGET = 7.0;
				LD_RUNPATH_SEARCH_PATHS = "$(inherited) @executable_path/Frameworks";
				PRODUCT_NAME = "$(TARGET_NAME)";
			};
			name = Release;
		};
		93929EB11B14677800C5808A /* Debug */ = {
			isa = XCBuildConfiguration;
			buildSettings = {
				BUNDLE_LOADER = "$(TEST_HOST)";
				FRAMEWORK_SEARCH_PATHS = (
					"$(SDKROOT)/Developer/Library/Frameworks",
					"$(inherited)",
				);
				GCC_PREPROCESSOR_DEFINITIONS = (
					"DEBUG=1",
					"$(inherited)",
				);
				INFOPLIST_FILE = ScreenRotateSampleTests/Info.plist;
				LD_RUNPATH_SEARCH_PATHS = "$(inherited) @executable_path/Frameworks @loader_path/Frameworks";
				PRODUCT_NAME = "$(TARGET_NAME)";
				TEST_HOST = "$(BUILT_PRODUCTS_DIR)/ScreenRotateSample.app/ScreenRotateSample";
			};
			name = Debug;
		};
		93929EB21B14677800C5808A /* Release */ = {
			isa = XCBuildConfiguration;
			buildSettings = {
				BUNDLE_LOADER = "$(TEST_HOST)";
				FRAMEWORK_SEARCH_PATHS = (
					"$(SDKROOT)/Developer/Library/Frameworks",
					"$(inherited)",
				);
				INFOPLIST_FILE = ScreenRotateSampleTests/Info.plist;
				LD_RUNPATH_SEARCH_PATHS = "$(inherited) @executable_path/Frameworks @loader_path/Frameworks";
				PRODUCT_NAME = "$(TARGET_NAME)";
				TEST_HOST = "$(BUILT_PRODUCTS_DIR)/ScreenRotateSample.app/ScreenRotateSample";
			};
			name = Release;
		};
/* End XCBuildConfiguration section */

/* Begin XCConfigurationList section */
		93929E851B14677700C5808A /* Build configuration list for PBXProject "ScreenRotateSample" */ = {
			isa = XCConfigurationList;
			buildConfigurations = (
				93929EAB1B14677800C5808A /* Debug */,
				93929EAC1B14677800C5808A /* Release */,
			);
			defaultConfigurationIsVisible = 0;
			defaultConfigurationName = Release;
		};
		93929EAD1B14677800C5808A /* Build configuration list for PBXNativeTarget "ScreenRotateSample" */ = {
			isa = XCConfigurationList;
			buildConfigurations = (
				93929EAE1B14677800C5808A /* Debug */,
				93929EAF1B14677800C5808A /* Release */,
			);
			defaultConfigurationIsVisible = 0;
		};
		93929EB01B14677800C5808A /* Build configuration list for PBXNativeTarget "ScreenRotateSampleTests" */ = {
			isa = XCConfigurationList;
			buildConfigurations = (
				93929EB11B14677800C5808A /* Debug */,
				93929EB21B14677800C5808A /* Release */,
			);
			defaultConfigurationIsVisible = 0;
		};
/* End XCConfigurationList section */
	};
	rootObject = 93929E821B14677700C5808A /* Project object */;
}
